
Microsoft Visual Studio Solution File, Format Version 12.00
# Visual Studio Version 16
VisualStudioVersion = 16.0.29009.5
MinimumVisualStudioVersion = 10.0.40219.1
Project("{2150E333-8FDC-42A3-9474-1A3956D46DE8}") = "Presentation", "Presentation", "{33F3E729-F5FB-4BCF-ABA6-5B8EE193FCB0}"
EndProject
Project("{FAE04EC0-301F-11D3-BF4B-00C04F79EFBC}") = "ITDeveloper.CursoAspNetCore.Presentation", "ITDeveloper.CursoAspNetCore.Presentation\ITDeveloper.CursoAspNetCore.Presentation.csproj", "{FAA649FB-D7FB-4128-B083-47A123AEB567}"
EndProject
Global
	GlobalSection(SolutionConfigurationPlatforms) = preSolution
		Debug|Any CPU = Debug|Any CPU
		Release|Any CPU = Release|Any CPU
	EndGlobalSection
	GlobalSection(ProjectConfigurationPlatforms) = postSolution
		{FAA649FB-D7FB-4128-B083-47A123AEB567}.Debug|Any CPU.ActiveCfg = Debug|Any CPU
		{FAA649FB-D7FB-4128-B083-47A123AEB567}.Debug|Any CPU.Build.0 = Debug|Any CPU
		{FAA649FB-D7FB-4128-B083-47A123AEB567}.Release|Any CPU.ActiveCfg = Release|Any CPU
		{FAA649FB-D7FB-4128-B083-47A123AEB567}.Release|Any CPU.Build.0 = Release|Any CPU
	EndGlobalSection
	GlobalSection(SolutionProperties) = preSolution
		HideSolutionNode = FALSE
	EndGlobalSection
	GlobalSection(NestedProjects) = preSolution
		{FAA649FB-D7FB-4128-B083-47A123AEB567} = {33F3E729-F5FB-4BCF-ABA6-5B8EE193FCB0}
	EndGlobalSection
	GlobalSection(ExtensibilityGlobals) = postSolution
		SolutionGuid = {1B5AA94B-B198-4BDE-A8E3-1C8CE0ADA771}
	EndGlobalSection
EndGlobal
